
Microsoft Visual Studio Solution File, Format Version 12.00
Project("{FAE04EC0-301F-11D3-BF4B-00C04F79EFBC}") = "GestEventos", "GestEventos\GestEventos.csproj", "{C43780A8-5DEA-44F2-BE88-898A98308D8E}"
EndProject
Global
	GlobalSection(SolutionConfigurationPlatforms) = preSolution
		Debug|Any CPU = Debug|Any CPU
		Release|Any CPU = Release|Any CPU
	EndGlobalSection
	GlobalSection(ProjectConfigurationPlatforms) = postSolution
		{C43780A8-5DEA-44F2-BE88-898A98308D8E}.Debug|Any CPU.ActiveCfg = Debug|Any CPU
		{C43780A8-5DEA-44F2-BE88-898A98308D8E}.Debug|Any CPU.Build.0 = Debug|Any CPU
		{C43780A8-5DEA-44F2-BE88-898A98308D8E}.Release|Any CPU.ActiveCfg = Release|Any CPU
		{C43780A8-5DEA-44F2-BE88-898A98308D8E}.Release|Any CPU.Build.0 = Release|Any CPU
	EndGlobalSection
EndGlobal
