
Microsoft Visual Studio Solution File, Format Version 12.00
# Visual Studio Version 17
VisualStudioVersion = 17.9.34714.143
MinimumVisualStudioVersion = 10.0.40219.1
Project("{FAE04EC0-301F-11D3-BF4B-00C04F79EFBC}") = "Tabuada", "Tabuada\Tabuada.csproj", "{50E23C08-352F-4A5C-9A1E-BB2CAD5600EE}"
EndProject
Global
	GlobalSection(SolutionConfigurationPlatforms) = preSolution
		Debug|Any CPU = Debug|Any CPU
		Release|Any CPU = Release|Any CPU
	EndGlobalSection
	GlobalSection(ProjectConfigurationPlatforms) = postSolution
		{50E23C08-352F-4A5C-9A1E-BB2CAD5600EE}.Debug|Any CPU.ActiveCfg = Debug|Any CPU
		{50E23C08-352F-4A5C-9A1E-BB2CAD5600EE}.Debug|Any CPU.Build.0 = Debug|Any CPU
		{50E23C08-352F-4A5C-9A1E-BB2CAD5600EE}.Release|Any CPU.ActiveCfg = Release|Any CPU
		{50E23C08-352F-4A5C-9A1E-BB2CAD5600EE}.Release|Any CPU.Build.0 = Release|Any CPU
	EndGlobalSection
	GlobalSection(SolutionProperties) = preSolution
		HideSolutionNode = FALSE
	EndGlobalSection
	GlobalSection(ExtensibilityGlobals) = postSolution
		SolutionGuid = {96D5F0D7-7934-4E4B-B9D9-513315D50ADF}
	EndGlobalSection
EndGlobal
